// !$*UTF8*$!
{
	archiveVersion = 1;
	classes = {
	};
	objectVersion = 56;
	objects = {

/* Begin PBXBuildFile section */
		7AE502912BB1C0E100D2C4F5 /* AppDelegate.swift in Sources */ = {isa = PBXBuildFile; fileRef = 7AE502902BB1C0E100D2C4F5 /* AppDelegate.swift */; };
		7AE5029A2BB1C0E200D2C4F5 /* Assets.xcassets in Resources */ = {isa = PBXBuildFile; fileRef = 7AE502992BB1C0E200D2C4F5 /* Assets.xcassets */; };
		7AE5029D2BB1C0E200D2C4F5 /* LaunchScreen.storyboard in Resources */ = {isa = PBXBuildFile; fileRef = 7AE5029B2BB1C0E200D2C4F5 /* LaunchScreen.storyboard */; };
		7AE502CE2BB1C1A500D2C4F5 /* AppContainer.swift in Sources */ = {isa = PBXBuildFile; fileRef = 7AE502CD2BB1C1A500D2C4F5 /* AppContainer.swift */; };
		7AE502D02BB1C1B300D2C4F5 /* AppRouter.swift in Sources */ = {isa = PBXBuildFile; fileRef = 7AE502CF2BB1C1B300D2C4F5 /* AppRouter.swift */; };
		7AE502D42BB1C3AF00D2C4F5 /* AppAssets.swift in Sources */ = {isa = PBXBuildFile; fileRef = 7AE502D32BB1C3AF00D2C4F5 /* AppAssets.swift */; };
		7AE502DB2BB1C41600D2C4F5 /* ThemeableViewController.swift in Sources */ = {isa = PBXBuildFile; fileRef = 7AE502DA2BB1C41600D2C4F5 /* ThemeableViewController.swift */; };
		7AE502DD2BB1C41F00D2C4F5 /* ThemeableView.swift in Sources */ = {isa = PBXBuildFile; fileRef = 7AE502DC2BB1C41F00D2C4F5 /* ThemeableView.swift */; };
		7AE502DF2BB1C46A00D2C4F5 /* MainNavigation.swift in Sources */ = {isa = PBXBuildFile; fileRef = 7AE502DE2BB1C46A00D2C4F5 /* MainNavigation.swift */; };
		7AE502E12BB1C49600D2C4F5 /* ViewController+Navigation.swift in Sources */ = {isa = PBXBuildFile; fileRef = 7AE502E02BB1C49600D2C4F5 /* ViewController+Navigation.swift */; };
		7AE502E42BB1C4DB00D2C4F5 /* Extension.swift in Sources */ = {isa = PBXBuildFile; fileRef = 7AE502E32BB1C4DB00D2C4F5 /* Extension.swift */; };
		7AE502E62BB1C4F000D2C4F5 /* Cell+Configurer.swift in Sources */ = {isa = PBXBuildFile; fileRef = 7AE502E52BB1C4F000D2C4F5 /* Cell+Configurer.swift */; };
		7AE502F42BB1C74E00D2C4F5 /* CityNetNetworkKit.framework in Frameworks */ = {isa = PBXBuildFile; fileRef = 7AE502F32BB1C74E00D2C4F5 /* CityNetNetworkKit.framework */; };
		7AE502F62BB1C74E00D2C4F5 /* CityNetUIkit.framework in Frameworks */ = {isa = PBXBuildFile; fileRef = 7AE502F52BB1C74E00D2C4F5 /* CityNetUIkit.framework */; };
		7AE503012BB1C7E400D2C4F5 /* TabBarPresenter.swift in Sources */ = {isa = PBXBuildFile; fileRef = 7AE502F92BB1C7E400D2C4F5 /* TabBarPresenter.swift */; };
		7AE503022BB1C7E400D2C4F5 /* TabBarWorker.swift in Sources */ = {isa = PBXBuildFile; fileRef = 7AE502FA2BB1C7E400D2C4F5 /* TabBarWorker.swift */; };
		7AE503032BB1C7E400D2C4F5 /* TabBarRouter.swift in Sources */ = {isa = PBXBuildFile; fileRef = 7AE502FB2BB1C7E400D2C4F5 /* TabBarRouter.swift */; };
		7AE503042BB1C7E400D2C4F5 /* TabBarModels.swift in Sources */ = {isa = PBXBuildFile; fileRef = 7AE502FC2BB1C7E400D2C4F5 /* TabBarModels.swift */; };
		7AE503052BB1C7E400D2C4F5 /* TabBarViewController.swift in Sources */ = {isa = PBXBuildFile; fileRef = 7AE502FD2BB1C7E400D2C4F5 /* TabBarViewController.swift */; };
		7AE503062BB1C7E400D2C4F5 /* TabBarInteractor.swift in Sources */ = {isa = PBXBuildFile; fileRef = 7AE502FE2BB1C7E400D2C4F5 /* TabBarInteractor.swift */; };
		7AE503072BB1C7E400D2C4F5 /* TabBarView.swift in Sources */ = {isa = PBXBuildFile; fileRef = 7AE502FF2BB1C7E400D2C4F5 /* TabBarView.swift */; };
		7AE503082BB1C7E400D2C4F5 /* TabBarConfigurator.swift in Sources */ = {isa = PBXBuildFile; fileRef = 7AE503002BB1C7E400D2C4F5 /* TabBarConfigurator.swift */; };
		7AE503112BB1C99600D2C4F5 /* DashboardPresenter.swift in Sources */ = {isa = PBXBuildFile; fileRef = 7AE503092BB1C99600D2C4F5 /* DashboardPresenter.swift */; };
		7AE503122BB1C99600D2C4F5 /* DashboardWorker.swift in Sources */ = {isa = PBXBuildFile; fileRef = 7AE5030A2BB1C99600D2C4F5 /* DashboardWorker.swift */; };
		7AE503132BB1C99600D2C4F5 /* DashboardRouter.swift in Sources */ = {isa = PBXBuildFile; fileRef = 7AE5030B2BB1C99600D2C4F5 /* DashboardRouter.swift */; };
		7AE503142BB1C99600D2C4F5 /* DashboardModels.swift in Sources */ = {isa = PBXBuildFile; fileRef = 7AE5030C2BB1C99600D2C4F5 /* DashboardModels.swift */; };
		7AE503152BB1C99600D2C4F5 /* DashboardViewController.swift in Sources */ = {isa = PBXBuildFile; fileRef = 7AE5030D2BB1C99600D2C4F5 /* DashboardViewController.swift */; };
		7AE503162BB1C99600D2C4F5 /* DashboardInteractor.swift in Sources */ = {isa = PBXBuildFile; fileRef = 7AE5030E2BB1C99600D2C4F5 /* DashboardInteractor.swift */; };
		7AE503172BB1C99600D2C4F5 /* DashboardView.swift in Sources */ = {isa = PBXBuildFile; fileRef = 7AE5030F2BB1C99600D2C4F5 /* DashboardView.swift */; };
		7AE503182BB1C99600D2C4F5 /* DashboardConfigurator.swift in Sources */ = {isa = PBXBuildFile; fileRef = 7AE503102BB1C99600D2C4F5 /* DashboardConfigurator.swift */; };
		7AE503222BB3EB8A00D2C4F5 /* SupportPresenter.swift in Sources */ = {isa = PBXBuildFile; fileRef = 7AE5031A2BB3EB8A00D2C4F5 /* SupportPresenter.swift */; };
		7AE503232BB3EB8A00D2C4F5 /* SupportWorker.swift in Sources */ = {isa = PBXBuildFile; fileRef = 7AE5031B2BB3EB8A00D2C4F5 /* SupportWorker.swift */; };
		7AE503242BB3EB8A00D2C4F5 /* SupportRouter.swift in Sources */ = {isa = PBXBuildFile; fileRef = 7AE5031C2BB3EB8A00D2C4F5 /* SupportRouter.swift */; };
		7AE503252BB3EB8A00D2C4F5 /* SupportModels.swift in Sources */ = {isa = PBXBuildFile; fileRef = 7AE5031D2BB3EB8A00D2C4F5 /* SupportModels.swift */; };
		7AE503262BB3EB8A00D2C4F5 /* SupportViewController.swift in Sources */ = {isa = PBXBuildFile; fileRef = 7AE5031E2BB3EB8A00D2C4F5 /* SupportViewController.swift */; };
		7AE503272BB3EB8A00D2C4F5 /* SupportInteractor.swift in Sources */ = {isa = PBXBuildFile; fileRef = 7AE5031F2BB3EB8A00D2C4F5 /* SupportInteractor.swift */; };
		7AE503282BB3EB8A00D2C4F5 /* SupportView.swift in Sources */ = {isa = PBXBuildFile; fileRef = 7AE503202BB3EB8A00D2C4F5 /* SupportView.swift */; };
		7AE503292BB3EB8A00D2C4F5 /* SupportConfigurator.swift in Sources */ = {isa = PBXBuildFile; fileRef = 7AE503212BB3EB8A00D2C4F5 /* SupportConfigurator.swift */; };
		7AE503332BB3ED2600D2C4F5 /* TariffsPresenter.swift in Sources */ = {isa = PBXBuildFile; fileRef = 7AE5032B2BB3ED2600D2C4F5 /* TariffsPresenter.swift */; };
		7AE503342BB3ED2600D2C4F5 /* TariffsWorker.swift in Sources */ = {isa = PBXBuildFile; fileRef = 7AE5032C2BB3ED2600D2C4F5 /* TariffsWorker.swift */; };
		7AE503352BB3ED2600D2C4F5 /* TariffsRouter.swift in Sources */ = {isa = PBXBuildFile; fileRef = 7AE5032D2BB3ED2600D2C4F5 /* TariffsRouter.swift */; };
		7AE503362BB3ED2600D2C4F5 /* TariffsModels.swift in Sources */ = {isa = PBXBuildFile; fileRef = 7AE5032E2BB3ED2600D2C4F5 /* TariffsModels.swift */; };
		7AE503372BB3ED2600D2C4F5 /* TariffsViewController.swift in Sources */ = {isa = PBXBuildFile; fileRef = 7AE5032F2BB3ED2600D2C4F5 /* TariffsViewController.swift */; };
		7AE503382BB3ED2600D2C4F5 /* TariffsInteractor.swift in Sources */ = {isa = PBXBuildFile; fileRef = 7AE503302BB3ED2600D2C4F5 /* TariffsInteractor.swift */; };
		7AE503392BB3ED2600D2C4F5 /* TariffsView.swift in Sources */ = {isa = PBXBuildFile; fileRef = 7AE503312BB3ED2600D2C4F5 /* TariffsView.swift */; };
		7AE5033A2BB3ED2600D2C4F5 /* TariffsConfigurator.swift in Sources */ = {isa = PBXBuildFile; fileRef = 7AE503322BB3ED2600D2C4F5 /* TariffsConfigurator.swift */; };
		7AE503442BB3EDA500D2C4F5 /* MorePresenter.swift in Sources */ = {isa = PBXBuildFile; fileRef = 7AE5033C2BB3EDA500D2C4F5 /* MorePresenter.swift */; };
		7AE503452BB3EDA500D2C4F5 /* MoreWorker.swift in Sources */ = {isa = PBXBuildFile; fileRef = 7AE5033D2BB3EDA500D2C4F5 /* MoreWorker.swift */; };
		7AE503462BB3EDA500D2C4F5 /* MoreRouter.swift in Sources */ = {isa = PBXBuildFile; fileRef = 7AE5033E2BB3EDA500D2C4F5 /* MoreRouter.swift */; };
		7AE503472BB3EDA500D2C4F5 /* MoreModels.swift in Sources */ = {isa = PBXBuildFile; fileRef = 7AE5033F2BB3EDA500D2C4F5 /* MoreModels.swift */; };
		7AE503482BB3EDA500D2C4F5 /* MoreViewController.swift in Sources */ = {isa = PBXBuildFile; fileRef = 7AE503402BB3EDA500D2C4F5 /* MoreViewController.swift */; };
		7AE503492BB3EDA500D2C4F5 /* MoreInteractor.swift in Sources */ = {isa = PBXBuildFile; fileRef = 7AE503412BB3EDA500D2C4F5 /* MoreInteractor.swift */; };
		7AE5034A2BB3EDA500D2C4F5 /* MoreView.swift in Sources */ = {isa = PBXBuildFile; fileRef = 7AE503422BB3EDA500D2C4F5 /* MoreView.swift */; };
		7AE5034B2BB3EDA500D2C4F5 /* MoreConfigurator.swift in Sources */ = {isa = PBXBuildFile; fileRef = 7AE503432BB3EDA500D2C4F5 /* MoreConfigurator.swift */; };
		7AE5034F2BB3F40B00D2C4F5 /* TariffsCell.swift in Sources */ = {isa = PBXBuildFile; fileRef = 7AE5034E2BB3F40B00D2C4F5 /* TariffsCell.swift */; };
		7AE503512BB3F69300D2C4F5 /* TariffsTableView.swift in Sources */ = {isa = PBXBuildFile; fileRef = 7AE503502BB3F69300D2C4F5 /* TariffsTableView.swift */; };
		7AE503542BB3FDDA00D2C4F5 /* SnapKit in Frameworks */ = {isa = PBXBuildFile; productRef = 7AE503532BB3FDDA00D2C4F5 /* SnapKit */; };
		7AE503572BB4397200D2C4F5 /* FeatureView.swift in Sources */ = {isa = PBXBuildFile; fileRef = 7AE503562BB4397200D2C4F5 /* FeatureView.swift */; };
		7AE503592BB499B300D2C4F5 /* TableViewHeader.swift in Sources */ = {isa = PBXBuildFile; fileRef = 7AE503582BB499B300D2C4F5 /* TableViewHeader.swift */; };
/* End PBXBuildFile section */

/* Begin PBXFileReference section */
		7AE5028D2BB1C0E100D2C4F5 /* CityNetApp.app */ = {isa = PBXFileReference; explicitFileType = wrapper.application; includeInIndex = 0; path = CityNetApp.app; sourceTree = BUILT_PRODUCTS_DIR; };
		7AE502902BB1C0E100D2C4F5 /* AppDelegate.swift */ = {isa = PBXFileReference; lastKnownFileType = sourcecode.swift; path = AppDelegate.swift; sourceTree = "<group>"; };
		7AE502992BB1C0E200D2C4F5 /* Assets.xcassets */ = {isa = PBXFileReference; lastKnownFileType = folder.assetcatalog; path = Assets.xcassets; sourceTree = "<group>"; };
		7AE5029C2BB1C0E200D2C4F5 /* Base */ = {isa = PBXFileReference; lastKnownFileType = file.storyboard; name = Base; path = Base.lproj/LaunchScreen.storyboard; sourceTree = "<group>"; };
		7AE5029E2BB1C0E200D2C4F5 /* Info.plist */ = {isa = PBXFileReference; lastKnownFileType = text.plist.xml; path = Info.plist; sourceTree = "<group>"; };
		7AE502CD2BB1C1A500D2C4F5 /* AppContainer.swift */ = {isa = PBXFileReference; lastKnownFileType = sourcecode.swift; path = AppContainer.swift; sourceTree = "<group>"; };
		7AE502CF2BB1C1B300D2C4F5 /* AppRouter.swift */ = {isa = PBXFileReference; lastKnownFileType = sourcecode.swift; path = AppRouter.swift; sourceTree = "<group>"; };
		7AE502D32BB1C3AF00D2C4F5 /* AppAssets.swift */ = {isa = PBXFileReference; lastKnownFileType = sourcecode.swift; path = AppAssets.swift; sourceTree = "<group>"; };
		7AE502DA2BB1C41600D2C4F5 /* ThemeableViewController.swift */ = {isa = PBXFileReference; lastKnownFileType = sourcecode.swift; path = ThemeableViewController.swift; sourceTree = "<group>"; };
		7AE502DC2BB1C41F00D2C4F5 /* ThemeableView.swift */ = {isa = PBXFileReference; lastKnownFileType = sourcecode.swift; path = ThemeableView.swift; sourceTree = "<group>"; };
		7AE502DE2BB1C46A00D2C4F5 /* MainNavigation.swift */ = {isa = PBXFileReference; lastKnownFileType = sourcecode.swift; path = MainNavigation.swift; sourceTree = "<group>"; };
		7AE502E02BB1C49600D2C4F5 /* ViewController+Navigation.swift */ = {isa = PBXFileReference; lastKnownFileType = sourcecode.swift; path = "ViewController+Navigation.swift"; sourceTree = "<group>"; };
		7AE502E32BB1C4DB00D2C4F5 /* Extension.swift */ = {isa = PBXFileReference; lastKnownFileType = sourcecode.swift; path = Extension.swift; sourceTree = "<group>"; };
		7AE502E52BB1C4F000D2C4F5 /* Cell+Configurer.swift */ = {isa = PBXFileReference; lastKnownFileType = sourcecode.swift; path = "Cell+Configurer.swift"; sourceTree = "<group>"; };
		7AE502F32BB1C74E00D2C4F5 /* CityNetNetworkKit.framework */ = {isa = PBXFileReference; explicitFileType = wrapper.framework; path = CityNetNetworkKit.framework; sourceTree = BUILT_PRODUCTS_DIR; };
		7AE502F52BB1C74E00D2C4F5 /* CityNetUIkit.framework */ = {isa = PBXFileReference; explicitFileType = wrapper.framework; path = CityNetUIkit.framework; sourceTree = BUILT_PRODUCTS_DIR; };
		7AE502F92BB1C7E400D2C4F5 /* TabBarPresenter.swift */ = {isa = PBXFileReference; lastKnownFileType = sourcecode.swift; path = TabBarPresenter.swift; sourceTree = "<group>"; };
		7AE502FA2BB1C7E400D2C4F5 /* TabBarWorker.swift */ = {isa = PBXFileReference; lastKnownFileType = sourcecode.swift; path = TabBarWorker.swift; sourceTree = "<group>"; };
		7AE502FB2BB1C7E400D2C4F5 /* TabBarRouter.swift */ = {isa = PBXFileReference; lastKnownFileType = sourcecode.swift; path = TabBarRouter.swift; sourceTree = "<group>"; };
		7AE502FC2BB1C7E400D2C4F5 /* TabBarModels.swift */ = {isa = PBXFileReference; lastKnownFileType = sourcecode.swift; path = TabBarModels.swift; sourceTree = "<group>"; };
		7AE502FD2BB1C7E400D2C4F5 /* TabBarViewController.swift */ = {isa = PBXFileReference; lastKnownFileType = sourcecode.swift; path = TabBarViewController.swift; sourceTree = "<group>"; };
		7AE502FE2BB1C7E400D2C4F5 /* TabBarInteractor.swift */ = {isa = PBXFileReference; lastKnownFileType = sourcecode.swift; path = TabBarInteractor.swift; sourceTree = "<group>"; };
		7AE502FF2BB1C7E400D2C4F5 /* TabBarView.swift */ = {isa = PBXFileReference; lastKnownFileType = sourcecode.swift; path = TabBarView.swift; sourceTree = "<group>"; };
		7AE503002BB1C7E400D2C4F5 /* TabBarConfigurator.swift */ = {isa = PBXFileReference; lastKnownFileType = sourcecode.swift; path = TabBarConfigurator.swift; sourceTree = "<group>"; };
		7AE503092BB1C99600D2C4F5 /* DashboardPresenter.swift */ = {isa = PBXFileReference; lastKnownFileType = sourcecode.swift; path = DashboardPresenter.swift; sourceTree = "<group>"; };
		7AE5030A2BB1C99600D2C4F5 /* DashboardWorker.swift */ = {isa = PBXFileReference; lastKnownFileType = sourcecode.swift; path = DashboardWorker.swift; sourceTree = "<group>"; };
		7AE5030B2BB1C99600D2C4F5 /* DashboardRouter.swift */ = {isa = PBXFileReference; lastKnownFileType = sourcecode.swift; path = DashboardRouter.swift; sourceTree = "<group>"; };
		7AE5030C2BB1C99600D2C4F5 /* DashboardModels.swift */ = {isa = PBXFileReference; lastKnownFileType = sourcecode.swift; path = DashboardModels.swift; sourceTree = "<group>"; };
		7AE5030D2BB1C99600D2C4F5 /* DashboardViewController.swift */ = {isa = PBXFileReference; lastKnownFileType = sourcecode.swift; path = DashboardViewController.swift; sourceTree = "<group>"; };
		7AE5030E2BB1C99600D2C4F5 /* DashboardInteractor.swift */ = {isa = PBXFileReference; lastKnownFileType = sourcecode.swift; path = DashboardInteractor.swift; sourceTree = "<group>"; };
		7AE5030F2BB1C99600D2C4F5 /* DashboardView.swift */ = {isa = PBXFileReference; lastKnownFileType = sourcecode.swift; path = DashboardView.swift; sourceTree = "<group>"; };
		7AE503102BB1C99600D2C4F5 /* DashboardConfigurator.swift */ = {isa = PBXFileReference; lastKnownFileType = sourcecode.swift; path = DashboardConfigurator.swift; sourceTree = "<group>"; };
		7AE5031A2BB3EB8A00D2C4F5 /* SupportPresenter.swift */ = {isa = PBXFileReference; lastKnownFileType = sourcecode.swift; path = SupportPresenter.swift; sourceTree = "<group>"; };
		7AE5031B2BB3EB8A00D2C4F5 /* SupportWorker.swift */ = {isa = PBXFileReference; lastKnownFileType = sourcecode.swift; path = SupportWorker.swift; sourceTree = "<group>"; };
		7AE5031C2BB3EB8A00D2C4F5 /* SupportRouter.swift */ = {isa = PBXFileReference; lastKnownFileType = sourcecode.swift; path = SupportRouter.swift; sourceTree = "<group>"; };
		7AE5031D2BB3EB8A00D2C4F5 /* SupportModels.swift */ = {isa = PBXFileReference; lastKnownFileType = sourcecode.swift; path = SupportModels.swift; sourceTree = "<group>"; };
		7AE5031E2BB3EB8A00D2C4F5 /* SupportViewController.swift */ = {isa = PBXFileReference; lastKnownFileType = sourcecode.swift; path = SupportViewController.swift; sourceTree = "<group>"; };
		7AE5031F2BB3EB8A00D2C4F5 /* SupportInteractor.swift */ = {isa = PBXFileReference; lastKnownFileType = sourcecode.swift; path = SupportInteractor.swift; sourceTree = "<group>"; };
		7AE503202BB3EB8A00D2C4F5 /* SupportView.swift */ = {isa = PBXFileReference; lastKnownFileType = sourcecode.swift; path = SupportView.swift; sourceTree = "<group>"; };
		7AE503212BB3EB8A00D2C4F5 /* SupportConfigurator.swift */ = {isa = PBXFileReference; lastKnownFileType = sourcecode.swift; path = SupportConfigurator.swift; sourceTree = "<group>"; };
		7AE5032B2BB3ED2600D2C4F5 /* TariffsPresenter.swift */ = {isa = PBXFileReference; lastKnownFileType = sourcecode.swift; path = TariffsPresenter.swift; sourceTree = "<group>"; };
		7AE5032C2BB3ED2600D2C4F5 /* TariffsWorker.swift */ = {isa = PBXFileReference; lastKnownFileType = sourcecode.swift; path = TariffsWorker.swift; sourceTree = "<group>"; };
		7AE5032D2BB3ED2600D2C4F5 /* TariffsRouter.swift */ = {isa = PBXFileReference; lastKnownFileType = sourcecode.swift; path = TariffsRouter.swift; sourceTree = "<group>"; };
		7AE5032E2BB3ED2600D2C4F5 /* TariffsModels.swift */ = {isa = PBXFileReference; lastKnownFileType = sourcecode.swift; path = TariffsModels.swift; sourceTree = "<group>"; };
		7AE5032F2BB3ED2600D2C4F5 /* TariffsViewController.swift */ = {isa = PBXFileReference; lastKnownFileType = sourcecode.swift; path = TariffsViewController.swift; sourceTree = "<group>"; };
		7AE503302BB3ED2600D2C4F5 /* TariffsInteractor.swift */ = {isa = PBXFileReference; lastKnownFileType = sourcecode.swift; path = TariffsInteractor.swift; sourceTree = "<group>"; };
		7AE503312BB3ED2600D2C4F5 /* TariffsView.swift */ = {isa = PBXFileReference; lastKnownFileType = sourcecode.swift; path = TariffsView.swift; sourceTree = "<group>"; };
		7AE503322BB3ED2600D2C4F5 /* TariffsConfigurator.swift */ = {isa = PBXFileReference; lastKnownFileType = sourcecode.swift; path = TariffsConfigurator.swift; sourceTree = "<group>"; };
		7AE5033C2BB3EDA500D2C4F5 /* MorePresenter.swift */ = {isa = PBXFileReference; lastKnownFileType = sourcecode.swift; path = MorePresenter.swift; sourceTree = "<group>"; };
		7AE5033D2BB3EDA500D2C4F5 /* MoreWorker.swift */ = {isa = PBXFileReference; lastKnownFileType = sourcecode.swift; path = MoreWorker.swift; sourceTree = "<group>"; };
		7AE5033E2BB3EDA500D2C4F5 /* MoreRouter.swift */ = {isa = PBXFileReference; lastKnownFileType = sourcecode.swift; path = MoreRouter.swift; sourceTree = "<group>"; };
		7AE5033F2BB3EDA500D2C4F5 /* MoreModels.swift */ = {isa = PBXFileReference; lastKnownFileType = sourcecode.swift; path = MoreModels.swift; sourceTree = "<group>"; };
		7AE503402BB3EDA500D2C4F5 /* MoreViewController.swift */ = {isa = PBXFileReference; lastKnownFileType = sourcecode.swift; path = MoreViewController.swift; sourceTree = "<group>"; };
		7AE503412BB3EDA500D2C4F5 /* MoreInteractor.swift */ = {isa = PBXFileReference; lastKnownFileType = sourcecode.swift; path = MoreInteractor.swift; sourceTree = "<group>"; };
		7AE503422BB3EDA500D2C4F5 /* MoreView.swift */ = {isa = PBXFileReference; lastKnownFileType = sourcecode.swift; path = MoreView.swift; sourceTree = "<group>"; };
		7AE503432BB3EDA500D2C4F5 /* MoreConfigurator.swift */ = {isa = PBXFileReference; lastKnownFileType = sourcecode.swift; path = MoreConfigurator.swift; sourceTree = "<group>"; };
		7AE5034E2BB3F40B00D2C4F5 /* TariffsCell.swift */ = {isa = PBXFileReference; lastKnownFileType = sourcecode.swift; path = TariffsCell.swift; sourceTree = "<group>"; };
		7AE503502BB3F69300D2C4F5 /* TariffsTableView.swift */ = {isa = PBXFileReference; lastKnownFileType = sourcecode.swift; path = TariffsTableView.swift; sourceTree = "<group>"; };
		7AE503562BB4397200D2C4F5 /* FeatureView.swift */ = {isa = PBXFileReference; lastKnownFileType = sourcecode.swift; path = FeatureView.swift; sourceTree = "<group>"; };
		7AE503582BB499B300D2C4F5 /* TableViewHeader.swift */ = {isa = PBXFileReference; lastKnownFileType = sourcecode.swift; path = TableViewHeader.swift; sourceTree = "<group>"; };
/* End PBXFileReference section */

/* Begin PBXFrameworksBuildPhase section */
		7AE5028A2BB1C0E100D2C4F5 /* Frameworks */ = {
			isa = PBXFrameworksBuildPhase;
			buildActionMask = 2147483647;
			files = (
				7AE503542BB3FDDA00D2C4F5 /* SnapKit in Frameworks */,
				7AE502F42BB1C74E00D2C4F5 /* CityNetNetworkKit.framework in Frameworks */,
				7AE502F62BB1C74E00D2C4F5 /* CityNetUIkit.framework in Frameworks */,
			);
			runOnlyForDeploymentPostprocessing = 0;
		};
/* End PBXFrameworksBuildPhase section */

/* Begin PBXGroup section */
		7AE502842BB1C0E100D2C4F5 = {
			isa = PBXGroup;
			children = (
				7AE5028F2BB1C0E100D2C4F5 /* CityNetApp */,
				7AE5028E2BB1C0E100D2C4F5 /* Products */,
				7AE502F22BB1C74E00D2C4F5 /* Frameworks */,
			);
			sourceTree = "<group>";
		};
		7AE5028E2BB1C0E100D2C4F5 /* Products */ = {
			isa = PBXGroup;
			children = (
				7AE5028D2BB1C0E100D2C4F5 /* CityNetApp.app */,
			);
			name = Products;
			sourceTree = "<group>";
		};
		7AE5028F2BB1C0E100D2C4F5 /* CityNetApp */ = {
			isa = PBXGroup;
			children = (
				7AE502E72BB1C50900D2C4F5 /* Model */,
				7AE502E22BB1C4D100D2C4F5 /* Extensions */,
				7AE502D72BB1C3EE00D2C4F5 /* Helpers */,
				7AE502D62BB1C3E300D2C4F5 /* Views */,
				7AE502D52BB1C3D400D2C4F5 /* Scenes */,
				7AE502D22BB1C38600D2C4F5 /* Resources */,
				7AE502D12BB1C21D00D2C4F5 /* Supporting */,
				7AE502CC2BB1C18E00D2C4F5 /* App */,
			);
			path = CityNetApp;
			sourceTree = "<group>";
		};
		7AE502CC2BB1C18E00D2C4F5 /* App */ = {
			isa = PBXGroup;
			children = (
				7AE502902BB1C0E100D2C4F5 /* AppDelegate.swift */,
				7AE502CD2BB1C1A500D2C4F5 /* AppContainer.swift */,
				7AE502CF2BB1C1B300D2C4F5 /* AppRouter.swift */,
			);
			path = App;
			sourceTree = "<group>";
		};
		7AE502D12BB1C21D00D2C4F5 /* Supporting */ = {
			isa = PBXGroup;
			children = (
				7AE5029B2BB1C0E200D2C4F5 /* LaunchScreen.storyboard */,
				7AE5029E2BB1C0E200D2C4F5 /* Info.plist */,
			);
			path = Supporting;
			sourceTree = "<group>";
		};
		7AE502D22BB1C38600D2C4F5 /* Resources */ = {
			isa = PBXGroup;
			children = (
				7AE502992BB1C0E200D2C4F5 /* Assets.xcassets */,
				7AE502D32BB1C3AF00D2C4F5 /* AppAssets.swift */,
			);
			path = Resources;
			sourceTree = "<group>";
		};
		7AE502D52BB1C3D400D2C4F5 /* Scenes */ = {
			isa = PBXGroup;
			children = (
				7AE5033B2BB3ED9600D2C4F5 /* More */,
				7AE5032A2BB3ED1700D2C4F5 /* Tariffs */,
				7AE503192BB3EB7800D2C4F5 /* Support */,
				7AE502F82BB1C7C700D2C4F5 /* TabBar */,
				7AE502F72BB1C7B100D2C4F5 /* Dashboard */,
			);
			path = Scenes;
			sourceTree = "<group>";
		};
		7AE502D62BB1C3E300D2C4F5 /* Views */ = {
			isa = PBXGroup;
			children = (
			);
			path = Views;
			sourceTree = "<group>";
		};
		7AE502D72BB1C3EE00D2C4F5 /* Helpers */ = {
			isa = PBXGroup;
			children = (
				7AE502D92BB1C3FE00D2C4F5 /* Navigation */,
				7AE502D82BB1C3F900D2C4F5 /* Theme */,
			);
			path = Helpers;
			sourceTree = "<group>";
		};
		7AE502D82BB1C3F900D2C4F5 /* Theme */ = {
			isa = PBXGroup;
			children = (
				7AE502DA2BB1C41600D2C4F5 /* ThemeableViewController.swift */,
				7AE502DC2BB1C41F00D2C4F5 /* ThemeableView.swift */,
			);
			path = Theme;
			sourceTree = "<group>";
		};
		7AE502D92BB1C3FE00D2C4F5 /* Navigation */ = {
			isa = PBXGroup;
			children = (
				7AE502DE2BB1C46A00D2C4F5 /* MainNavigation.swift */,
				7AE502E02BB1C49600D2C4F5 /* ViewController+Navigation.swift */,
			);
			path = Navigation;
			sourceTree = "<group>";
		};
		7AE502E22BB1C4D100D2C4F5 /* Extensions */ = {
			isa = PBXGroup;
			children = (
				7AE502E32BB1C4DB00D2C4F5 /* Extension.swift */,
				7AE502E52BB1C4F000D2C4F5 /* Cell+Configurer.swift */,
			);
			path = Extensions;
			sourceTree = "<group>";
		};
		7AE502E72BB1C50900D2C4F5 /* Model */ = {
			isa = PBXGroup;
			children = (
			);
			path = Model;
			sourceTree = "<group>";
		};
		7AE502F22BB1C74E00D2C4F5 /* Frameworks */ = {
			isa = PBXGroup;
			children = (
				7AE502F32BB1C74E00D2C4F5 /* CityNetNetworkKit.framework */,
				7AE502F52BB1C74E00D2C4F5 /* CityNetUIkit.framework */,
			);
			name = Frameworks;
			sourceTree = "<group>";
		};
		7AE502F72BB1C7B100D2C4F5 /* Dashboard */ = {
			isa = PBXGroup;
			children = (
				7AE503092BB1C99600D2C4F5 /* DashboardPresenter.swift */,
				7AE5030A2BB1C99600D2C4F5 /* DashboardWorker.swift */,
				7AE5030B2BB1C99600D2C4F5 /* DashboardRouter.swift */,
				7AE5030C2BB1C99600D2C4F5 /* DashboardModels.swift */,
				7AE5030D2BB1C99600D2C4F5 /* DashboardViewController.swift */,
				7AE5030E2BB1C99600D2C4F5 /* DashboardInteractor.swift */,
				7AE5030F2BB1C99600D2C4F5 /* DashboardView.swift */,
				7AE503102BB1C99600D2C4F5 /* DashboardConfigurator.swift */,
			);
			path = Dashboard;
			sourceTree = "<group>";
		};
		7AE502F82BB1C7C700D2C4F5 /* TabBar */ = {
			isa = PBXGroup;
			children = (
				7AE502F92BB1C7E400D2C4F5 /* TabBarPresenter.swift */,
				7AE502FA2BB1C7E400D2C4F5 /* TabBarWorker.swift */,
				7AE502FB2BB1C7E400D2C4F5 /* TabBarRouter.swift */,
				7AE502FC2BB1C7E400D2C4F5 /* TabBarModels.swift */,
				7AE502FD2BB1C7E400D2C4F5 /* TabBarViewController.swift */,
				7AE502FE2BB1C7E400D2C4F5 /* TabBarInteractor.swift */,
				7AE502FF2BB1C7E400D2C4F5 /* TabBarView.swift */,
				7AE503002BB1C7E400D2C4F5 /* TabBarConfigurator.swift */,
			);
			path = TabBar;
			sourceTree = "<group>";
		};
		7AE503192BB3EB7800D2C4F5 /* Support */ = {
			isa = PBXGroup;
			children = (
				7AE5031A2BB3EB8A00D2C4F5 /* SupportPresenter.swift */,
				7AE5031B2BB3EB8A00D2C4F5 /* SupportWorker.swift */,
				7AE5031C2BB3EB8A00D2C4F5 /* SupportRouter.swift */,
				7AE5031D2BB3EB8A00D2C4F5 /* SupportModels.swift */,
				7AE5031E2BB3EB8A00D2C4F5 /* SupportViewController.swift */,
				7AE5031F2BB3EB8A00D2C4F5 /* SupportInteractor.swift */,
				7AE503202BB3EB8A00D2C4F5 /* SupportView.swift */,
				7AE503212BB3EB8A00D2C4F5 /* SupportConfigurator.swift */,
			);
			path = Support;
			sourceTree = "<group>";
		};
		7AE5032A2BB3ED1700D2C4F5 /* Tariffs */ = {
			isa = PBXGroup;
			children = (
				7AE503552BB4095B00D2C4F5 /* CustomViews */,
				7AE5034D2BB3F3F200D2C4F5 /* Cells */,
				7AE5034C2BB3F3E600D2C4F5 /* Views */,
				7AE5032B2BB3ED2600D2C4F5 /* TariffsPresenter.swift */,
				7AE5032C2BB3ED2600D2C4F5 /* TariffsWorker.swift */,
				7AE5032D2BB3ED2600D2C4F5 /* TariffsRouter.swift */,
				7AE5032E2BB3ED2600D2C4F5 /* TariffsModels.swift */,
				7AE5032F2BB3ED2600D2C4F5 /* TariffsViewController.swift */,
				7AE503302BB3ED2600D2C4F5 /* TariffsInteractor.swift */,
				7AE503312BB3ED2600D2C4F5 /* TariffsView.swift */,
				7AE503322BB3ED2600D2C4F5 /* TariffsConfigurator.swift */,
			);
			path = Tariffs;
			sourceTree = "<group>";
		};
		7AE5033B2BB3ED9600D2C4F5 /* More */ = {
			isa = PBXGroup;
			children = (
				7AE5033C2BB3EDA500D2C4F5 /* MorePresenter.swift */,
				7AE5033D2BB3EDA500D2C4F5 /* MoreWorker.swift */,
				7AE5033E2BB3EDA500D2C4F5 /* MoreRouter.swift */,
				7AE5033F2BB3EDA500D2C4F5 /* MoreModels.swift */,
				7AE503402BB3EDA500D2C4F5 /* MoreViewController.swift */,
				7AE503412BB3EDA500D2C4F5 /* MoreInteractor.swift */,
				7AE503422BB3EDA500D2C4F5 /* MoreView.swift */,
				7AE503432BB3EDA500D2C4F5 /* MoreConfigurator.swift */,
			);
			path = More;
			sourceTree = "<group>";
		};
		7AE5034C2BB3F3E600D2C4F5 /* Views */ = {
			isa = PBXGroup;
			children = (
				7AE503582BB499B300D2C4F5 /* TableViewHeader.swift */,
				7AE503502BB3F69300D2C4F5 /* TariffsTableView.swift */,
			);
			path = Views;
			sourceTree = "<group>";
		};
		7AE5034D2BB3F3F200D2C4F5 /* Cells */ = {
			isa = PBXGroup;
			children = (
				7AE5034E2BB3F40B00D2C4F5 /* TariffsCell.swift */,
			);
			path = Cells;
			sourceTree = "<group>";
		};
		7AE503552BB4095B00D2C4F5 /* CustomViews */ = {
			isa = PBXGroup;
			children = (
				7AE503562BB4397200D2C4F5 /* FeatureView.swift */,
			);
			path = CustomViews;
			sourceTree = "<group>";
		};
/* End PBXGroup section */

/* Begin PBXNativeTarget section */
		7AE5028C2BB1C0E100D2C4F5 /* CityNetApp */ = {
			isa = PBXNativeTarget;
			buildConfigurationList = 7AE502A12BB1C0E200D2C4F5 /* Build configuration list for PBXNativeTarget "CityNetApp" */;
			buildPhases = (
				7AE502892BB1C0E100D2C4F5 /* Sources */,
				7AE5028A2BB1C0E100D2C4F5 /* Frameworks */,
				7AE5028B2BB1C0E100D2C4F5 /* Resources */,
			);
			buildRules = (
			);
			dependencies = (
			);
			name = CityNetApp;
			packageProductDependencies = (
				7AE503532BB3FDDA00D2C4F5 /* SnapKit */,
			);
			productName = CityNetApp;
			productReference = 7AE5028D2BB1C0E100D2C4F5 /* CityNetApp.app */;
			productType = "com.apple.product-type.application";
		};
/* End PBXNativeTarget section */

/* Begin PBXProject section */
		7AE502852BB1C0E100D2C4F5 /* Project object */ = {
			isa = PBXProject;
			attributes = {
				BuildIndependentTargetsInParallel = 1;
				LastSwiftUpdateCheck = 1520;
				LastUpgradeCheck = 1520;
				TargetAttributes = {
					7AE5028C2BB1C0E100D2C4F5 = {
						CreatedOnToolsVersion = 15.2;
					};
				};
			};
			buildConfigurationList = 7AE502882BB1C0E100D2C4F5 /* Build configuration list for PBXProject "CityNetApp" */;
			compatibilityVersion = "Xcode 14.0";
			developmentRegion = en;
			hasScannedForEncodings = 0;
			knownRegions = (
				en,
				Base,
			);
			mainGroup = 7AE502842BB1C0E100D2C4F5;
			packageReferences = (
				7AE503522BB3FDDA00D2C4F5 /* XCRemoteSwiftPackageReference "SnapKit" */,
			);
			productRefGroup = 7AE5028E2BB1C0E100D2C4F5 /* Products */;
			projectDirPath = "";
			projectRoot = "";
			targets = (
				7AE5028C2BB1C0E100D2C4F5 /* CityNetApp */,
			);
		};
/* End PBXProject section */

/* Begin PBXResourcesBuildPhase section */
		7AE5028B2BB1C0E100D2C4F5 /* Resources */ = {
			isa = PBXResourcesBuildPhase;
			buildActionMask = 2147483647;
			files = (
				7AE5029D2BB1C0E200D2C4F5 /* LaunchScreen.storyboard in Resources */,
				7AE5029A2BB1C0E200D2C4F5 /* Assets.xcassets in Resources */,
			);
			runOnlyForDeploymentPostprocessing = 0;
		};
/* End PBXResourcesBuildPhase section */

/* Begin PBXSourcesBuildPhase section */
		7AE502892BB1C0E100D2C4F5 /* Sources */ = {
			isa = PBXSourcesBuildPhase;
			buildActionMask = 2147483647;
			files = (
				7AE503072BB1C7E400D2C4F5 /* TabBarView.swift in Sources */,
				7AE503332BB3ED2600D2C4F5 /* TariffsPresenter.swift in Sources */,
				7AE503152BB1C99600D2C4F5 /* DashboardViewController.swift in Sources */,
				7AE502DD2BB1C41F00D2C4F5 /* ThemeableView.swift in Sources */,
				7AE503382BB3ED2600D2C4F5 /* TariffsInteractor.swift in Sources */,
				7AE503122BB1C99600D2C4F5 /* DashboardWorker.swift in Sources */,
				7AE503242BB3EB8A00D2C4F5 /* SupportRouter.swift in Sources */,
				7AE5034A2BB3EDA500D2C4F5 /* MoreView.swift in Sources */,
				7AE502D42BB1C3AF00D2C4F5 /* AppAssets.swift in Sources */,
				7AE503182BB1C99600D2C4F5 /* DashboardConfigurator.swift in Sources */,
				7AE502E12BB1C49600D2C4F5 /* ViewController+Navigation.swift in Sources */,
				7AE5033A2BB3ED2600D2C4F5 /* TariffsConfigurator.swift in Sources */,
				7AE503082BB1C7E400D2C4F5 /* TabBarConfigurator.swift in Sources */,
				7AE503452BB3EDA500D2C4F5 /* MoreWorker.swift in Sources */,
				7AE503172BB1C99600D2C4F5 /* DashboardView.swift in Sources */,
				7AE503272BB3EB8A00D2C4F5 /* SupportInteractor.swift in Sources */,
				7AE503232BB3EB8A00D2C4F5 /* SupportWorker.swift in Sources */,
				7AE502E62BB1C4F000D2C4F5 /* Cell+Configurer.swift in Sources */,
				7AE503592BB499B300D2C4F5 /* TableViewHeader.swift in Sources */,
				7AE503442BB3EDA500D2C4F5 /* MorePresenter.swift in Sources */,
				7AE503012BB1C7E400D2C4F5 /* TabBarPresenter.swift in Sources */,
				7AE503032BB1C7E400D2C4F5 /* TabBarRouter.swift in Sources */,
				7AE503262BB3EB8A00D2C4F5 /* SupportViewController.swift in Sources */,
				7AE503112BB1C99600D2C4F5 /* DashboardPresenter.swift in Sources */,
				7AE503252BB3EB8A00D2C4F5 /* SupportModels.swift in Sources */,
				7AE503282BB3EB8A00D2C4F5 /* SupportView.swift in Sources */,
				7AE503132BB1C99600D2C4F5 /* DashboardRouter.swift in Sources */,
				7AE503392BB3ED2600D2C4F5 /* TariffsView.swift in Sources */,
				7AE503572BB4397200D2C4F5 /* FeatureView.swift in Sources */,
				7AE502E42BB1C4DB00D2C4F5 /* Extension.swift in Sources */,
				7AE503372BB3ED2600D2C4F5 /* TariffsViewController.swift in Sources */,
				7AE502DF2BB1C46A00D2C4F5 /* MainNavigation.swift in Sources */,
				7AE5034F2BB3F40B00D2C4F5 /* TariffsCell.swift in Sources */,
				7AE503492BB3EDA500D2C4F5 /* MoreInteractor.swift in Sources */,
				7AE5034B2BB3EDA500D2C4F5 /* MoreConfigurator.swift in Sources */,
				7AE503292BB3EB8A00D2C4F5 /* SupportConfigurator.swift in Sources */,
				7AE503222BB3EB8A00D2C4F5 /* SupportPresenter.swift in Sources */,
				7AE503462BB3EDA500D2C4F5 /* MoreRouter.swift in Sources */,
				7AE503472BB3EDA500D2C4F5 /* MoreModels.swift in Sources */,
				7AE503352BB3ED2600D2C4F5 /* TariffsRouter.swift in Sources */,
				7AE503062BB1C7E400D2C4F5 /* TabBarInteractor.swift in Sources */,
				7AE503142BB1C99600D2C4F5 /* DashboardModels.swift in Sources */,
				7AE503482BB3EDA500D2C4F5 /* MoreViewController.swift in Sources */,
				7AE502CE2BB1C1A500D2C4F5 /* AppContainer.swift in Sources */,
				7AE502912BB1C0E100D2C4F5 /* AppDelegate.swift in Sources */,
				7AE502DB2BB1C41600D2C4F5 /* ThemeableViewController.swift in Sources */,
				7AE503042BB1C7E400D2C4F5 /* TabBarModels.swift in Sources */,
				7AE503342BB3ED2600D2C4F5 /* TariffsWorker.swift in Sources */,
				7AE502D02BB1C1B300D2C4F5 /* AppRouter.swift in Sources */,
				7AE503512BB3F69300D2C4F5 /* TariffsTableView.swift in Sources */,
				7AE503052BB1C7E400D2C4F5 /* TabBarViewController.swift in Sources */,
				7AE503362BB3ED2600D2C4F5 /* TariffsModels.swift in Sources */,
				7AE503022BB1C7E400D2C4F5 /* TabBarWorker.swift in Sources */,
				7AE503162BB1C99600D2C4F5 /* DashboardInteractor.swift in Sources */,
			);
			runOnlyForDeploymentPostprocessing = 0;
		};
/* End PBXSourcesBuildPhase section */

/* Begin PBXVariantGroup section */
		7AE5029B2BB1C0E200D2C4F5 /* LaunchScreen.storyboard */ = {
			isa = PBXVariantGroup;
			children = (
				7AE5029C2BB1C0E200D2C4F5 /* Base */,
			);
			name = LaunchScreen.storyboard;
			sourceTree = "<group>";
		};
/* End PBXVariantGroup section */

/* Begin XCBuildConfiguration section */
		7AE5029F2BB1C0E200D2C4F5 /* Debug */ = {
			isa = XCBuildConfiguration;
			buildSettings = {
				ALWAYS_SEARCH_USER_PATHS = NO;
				ASSETCATALOG_COMPILER_GENERATE_SWIFT_ASSET_SYMBOL_EXTENSIONS = YES;
				CLANG_ANALYZER_NONNULL = YES;
				CLANG_ANALYZER_NUMBER_OBJECT_CONVERSION = YES_AGGRESSIVE;
				CLANG_CXX_LANGUAGE_STANDARD = "gnu++20";
				CLANG_ENABLE_MODULES = YES;
				CLANG_ENABLE_OBJC_ARC = YES;
				CLANG_ENABLE_OBJC_WEAK = YES;
				CLANG_WARN_BLOCK_CAPTURE_AUTORELEASING = YES;
				CLANG_WARN_BOOL_CONVERSION = YES;
				CLANG_WARN_COMMA = YES;
				CLANG_WARN_CONSTANT_CONVERSION = YES;
				CLANG_WARN_DEPRECATED_OBJC_IMPLEMENTATIONS = YES;
				CLANG_WARN_DIRECT_OBJC_ISA_USAGE = YES_ERROR;
				CLANG_WARN_DOCUMENTATION_COMMENTS = YES;
				CLANG_WARN_EMPTY_BODY = YES;
				CLANG_WARN_ENUM_CONVERSION = YES;
				CLANG_WARN_INFINITE_RECURSION = YES;
				CLANG_WARN_INT_CONVERSION = YES;
				CLANG_WARN_NON_LITERAL_NULL_CONVERSION = YES;
				CLANG_WARN_OBJC_IMPLICIT_RETAIN_SELF = YES;
				CLANG_WARN_OBJC_LITERAL_CONVERSION = YES;
				CLANG_WARN_OBJC_ROOT_CLASS = YES_ERROR;
				CLANG_WARN_QUOTED_INCLUDE_IN_FRAMEWORK_HEADER = YES;
				CLANG_WARN_RANGE_LOOP_ANALYSIS = YES;
				CLANG_WARN_STRICT_PROTOTYPES = YES;
				CLANG_WARN_SUSPICIOUS_MOVE = YES;
				CLANG_WARN_UNGUARDED_AVAILABILITY = YES_AGGRESSIVE;
				CLANG_WARN_UNREACHABLE_CODE = YES;
				CLANG_WARN__DUPLICATE_METHOD_MATCH = YES;
				COPY_PHASE_STRIP = NO;
				DEBUG_INFORMATION_FORMAT = dwarf;
				ENABLE_STRICT_OBJC_MSGSEND = YES;
				ENABLE_TESTABILITY = YES;
				ENABLE_USER_SCRIPT_SANDBOXING = YES;
				GCC_C_LANGUAGE_STANDARD = gnu17;
				GCC_DYNAMIC_NO_PIC = NO;
				GCC_NO_COMMON_BLOCKS = YES;
				GCC_OPTIMIZATION_LEVEL = 0;
				GCC_PREPROCESSOR_DEFINITIONS = (
					"DEBUG=1",
					"$(inherited)",
				);
				GCC_WARN_64_TO_32_BIT_CONVERSION = YES;
				GCC_WARN_ABOUT_RETURN_TYPE = YES_ERROR;
				GCC_WARN_UNDECLARED_SELECTOR = YES;
				GCC_WARN_UNINITIALIZED_AUTOS = YES_AGGRESSIVE;
				GCC_WARN_UNUSED_FUNCTION = YES;
				GCC_WARN_UNUSED_VARIABLE = YES;
				IPHONEOS_DEPLOYMENT_TARGET = 17.2;
				LOCALIZATION_PREFERS_STRING_CATALOGS = YES;
				MTL_ENABLE_DEBUG_INFO = INCLUDE_SOURCE;
				MTL_FAST_MATH = YES;
				ONLY_ACTIVE_ARCH = YES;
				SDKROOT = iphoneos;
				SWIFT_ACTIVE_COMPILATION_CONDITIONS = "DEBUG $(inherited)";
				SWIFT_OPTIMIZATION_LEVEL = "-Onone";
			};
			name = Debug;
		};
		7AE502A02BB1C0E200D2C4F5 /* Release */ = {
			isa = XCBuildConfiguration;
			buildSettings = {
				ALWAYS_SEARCH_USER_PATHS = NO;
				ASSETCATALOG_COMPILER_GENERATE_SWIFT_ASSET_SYMBOL_EXTENSIONS = YES;
				CLANG_ANALYZER_NONNULL = YES;
				CLANG_ANALYZER_NUMBER_OBJECT_CONVERSION = YES_AGGRESSIVE;
				CLANG_CXX_LANGUAGE_STANDARD = "gnu++20";
				CLANG_ENABLE_MODULES = YES;
				CLANG_ENABLE_OBJC_ARC = YES;
				CLANG_ENABLE_OBJC_WEAK = YES;
				CLANG_WARN_BLOCK_CAPTURE_AUTORELEASING = YES;
				CLANG_WARN_BOOL_CONVERSION = YES;
				CLANG_WARN_COMMA = YES;
				CLANG_WARN_CONSTANT_CONVERSION = YES;
				CLANG_WARN_DEPRECATED_OBJC_IMPLEMENTATIONS = YES;
				CLANG_WARN_DIRECT_OBJC_ISA_USAGE = YES_ERROR;
				CLANG_WARN_DOCUMENTATION_COMMENTS = YES;
				CLANG_WARN_EMPTY_BODY = YES;
				CLANG_WARN_ENUM_CONVERSION = YES;
				CLANG_WARN_INFINITE_RECURSION = YES;
				CLANG_WARN_INT_CONVERSION = YES;
				CLANG_WARN_NON_LITERAL_NULL_CONVERSION = YES;
				CLANG_WARN_OBJC_IMPLICIT_RETAIN_SELF = YES;
				CLANG_WARN_OBJC_LITERAL_CONVERSION = YES;
				CLANG_WARN_OBJC_ROOT_CLASS = YES_ERROR;
				CLANG_WARN_QUOTED_INCLUDE_IN_FRAMEWORK_HEADER = YES;
				CLANG_WARN_RANGE_LOOP_ANALYSIS = YES;
				CLANG_WARN_STRICT_PROTOTYPES = YES;
				CLANG_WARN_SUSPICIOUS_MOVE = YES;
				CLANG_WARN_UNGUARDED_AVAILABILITY = YES_AGGRESSIVE;
				CLANG_WARN_UNREACHABLE_CODE = YES;
				CLANG_WARN__DUPLICATE_METHOD_MATCH = YES;
				COPY_PHASE_STRIP = NO;
				DEBUG_INFORMATION_FORMAT = "dwarf-with-dsym";
				ENABLE_NS_ASSERTIONS = NO;
				ENABLE_STRICT_OBJC_MSGSEND = YES;
				ENABLE_USER_SCRIPT_SANDBOXING = YES;
				GCC_C_LANGUAGE_STANDARD = gnu17;
				GCC_NO_COMMON_BLOCKS = YES;
				GCC_WARN_64_TO_32_BIT_CONVERSION = YES;
				GCC_WARN_ABOUT_RETURN_TYPE = YES_ERROR;
				GCC_WARN_UNDECLARED_SELECTOR = YES;
				GCC_WARN_UNINITIALIZED_AUTOS = YES_AGGRESSIVE;
				GCC_WARN_UNUSED_FUNCTION = YES;
				GCC_WARN_UNUSED_VARIABLE = YES;
				IPHONEOS_DEPLOYMENT_TARGET = 17.2;
				LOCALIZATION_PREFERS_STRING_CATALOGS = YES;
				MTL_ENABLE_DEBUG_INFO = NO;
				MTL_FAST_MATH = YES;
				SDKROOT = iphoneos;
				SWIFT_COMPILATION_MODE = wholemodule;
				VALIDATE_PRODUCT = YES;
			};
			name = Release;
		};
		7AE502A22BB1C0E200D2C4F5 /* Debug */ = {
			isa = XCBuildConfiguration;
			buildSettings = {
				ASSETCATALOG_COMPILER_APPICON_NAME = AppIcon;
				ASSETCATALOG_COMPILER_GLOBAL_ACCENT_COLOR_NAME = AccentColor;
				CODE_SIGN_STYLE = Automatic;
				CURRENT_PROJECT_VERSION = 1;
				DEVELOPMENT_TEAM = 963Q5MY7HY;
				GENERATE_INFOPLIST_FILE = YES;
				INFOPLIST_FILE = CityNetApp/Supporting/Info.plist;
				INFOPLIST_KEY_UIApplicationSupportsIndirectInputEvents = YES;
				INFOPLIST_KEY_UILaunchStoryboardName = LaunchScreen;
				INFOPLIST_KEY_UISupportedInterfaceOrientations_iPad = "UIInterfaceOrientationPortrait UIInterfaceOrientationPortraitUpsideDown UIInterfaceOrientationLandscapeLeft UIInterfaceOrientationLandscapeRight";
				INFOPLIST_KEY_UISupportedInterfaceOrientations_iPhone = "UIInterfaceOrientationPortrait UIInterfaceOrientationLandscapeLeft UIInterfaceOrientationLandscapeRight";
				LD_RUNPATH_SEARCH_PATHS = (
					"$(inherited)",
					"@executable_path/Frameworks",
				);
				MARKETING_VERSION = 1.0;
				PRODUCT_BUNDLE_IDENTIFIER = com.nazrinatayeva.CityNetApp;
				PRODUCT_NAME = "$(TARGET_NAME)";
				SWIFT_EMIT_LOC_STRINGS = YES;
				SWIFT_VERSION = 5.0;
				TARGETED_DEVICE_FAMILY = "1,2";
			};
			name = Debug;
		};
		7AE502A32BB1C0E200D2C4F5 /* Release */ = {
			isa = XCBuildConfiguration;
			buildSettings = {
				ASSETCATALOG_COMPILER_APPICON_NAME = AppIcon;
				ASSETCATALOG_COMPILER_GLOBAL_ACCENT_COLOR_NAME = AccentColor;
				CODE_SIGN_STYLE = Automatic;
				CURRENT_PROJECT_VERSION = 1;
				DEVELOPMENT_TEAM = 963Q5MY7HY;
				GENERATE_INFOPLIST_FILE = YES;
				INFOPLIST_FILE = CityNetApp/Supporting/Info.plist;
				INFOPLIST_KEY_UIApplicationSupportsIndirectInputEvents = YES;
				INFOPLIST_KEY_UILaunchStoryboardName = LaunchScreen;
				INFOPLIST_KEY_UISupportedInterfaceOrientations_iPad = "UIInterfaceOrientationPortrait UIInterfaceOrientationPortraitUpsideDown UIInterfaceOrientationLandscapeLeft UIInterfaceOrientationLandscapeRight";
				INFOPLIST_KEY_UISupportedInterfaceOrientations_iPhone = "UIInterfaceOrientationPortrait UIInterfaceOrientationLandscapeLeft UIInterfaceOrientationLandscapeRight";
				LD_RUNPATH_SEARCH_PATHS = (
					"$(inherited)",
					"@executable_path/Frameworks",
				);
				MARKETING_VERSION = 1.0;
				PRODUCT_BUNDLE_IDENTIFIER = com.nazrinatayeva.CityNetApp;
				PRODUCT_NAME = "$(TARGET_NAME)";
				SWIFT_EMIT_LOC_STRINGS = YES;
				SWIFT_VERSION = 5.0;
				TARGETED_DEVICE_FAMILY = "1,2";
			};
			name = Release;
		};
/* End XCBuildConfiguration section */

/* Begin XCConfigurationList section */
		7AE502882BB1C0E100D2C4F5 /* Build configuration list for PBXProject "CityNetApp" */ = {
			isa = XCConfigurationList;
			buildConfigurations = (
				7AE5029F2BB1C0E200D2C4F5 /* Debug */,
				7AE502A02BB1C0E200D2C4F5 /* Release */,
			);
			defaultConfigurationIsVisible = 0;
			defaultConfigurationName = Release;
		};
		7AE502A12BB1C0E200D2C4F5 /* Build configuration list for PBXNativeTarget "CityNetApp" */ = {
			isa = XCConfigurationList;
			buildConfigurations = (
				7AE502A22BB1C0E200D2C4F5 /* Debug */,
				7AE502A32BB1C0E200D2C4F5 /* Release */,
			);
			defaultConfigurationIsVisible = 0;
			defaultConfigurationName = Release;
		};
/* End XCConfigurationList section */

/* Begin XCRemoteSwiftPackageReference section */
		7AE503522BB3FDDA00D2C4F5 /* XCRemoteSwiftPackageReference "SnapKit" */ = {
			isa = XCRemoteSwiftPackageReference;
			repositoryURL = "https://github.com/SnapKit/SnapKit";
			requirement = {
				kind = upToNextMajorVersion;
				minimumVersion = 5.7.1;
			};
		};
/* End XCRemoteSwiftPackageReference section */

/* Begin XCSwiftPackageProductDependency section */
		7AE503532BB3FDDA00D2C4F5 /* SnapKit */ = {
			isa = XCSwiftPackageProductDependency;
			package = 7AE503522BB3FDDA00D2C4F5 /* XCRemoteSwiftPackageReference "SnapKit" */;
			productName = SnapKit;
		};
/* End XCSwiftPackageProductDependency section */
	};
	rootObject = 7AE502852BB1C0E100D2C4F5 /* Project object */;
}
